
Microsoft Visual Studio Solution File, Format Version 12.00
# Visual Studio 14
VisualStudioVersion = 14.0.24720.0
MinimumVisualStudioVersion = 10.0.40219.1
Project("{F184B08F-C81C-45F6-A57F-5ABD9991F28F}") = "CameraVideoWPF", "CameraVideoWPF\CameraVideoWPF.vbproj", "{B789DBAE-BD43-48FF-9C7B-A2835A2881CE}"
EndProject
Project("{F184B08F-C81C-45F6-A57F-5ABD9991F28F}") = "SessionWPF", "SessionWPF\SessionWPF.vbproj", "{7F7C5C38-9FDA-4A2A-8247-CCBE93C17EBE}"
EndProject
Project("{F184B08F-C81C-45F6-A57F-5ABD9991F28F}") = "GestureWPF", "GestureWPF\GestureWPF.vbproj", "{F159CBAE-DF20-4EEF-920B-B73EDF66F25D}"
EndProject
Project("{FAE04EC0-301F-11D3-BF4B-00C04F79EFBC}") = "FaceTrackingWPF", "FaceTrackingWPF\FaceTrackingWPF.csproj", "{1930592D-F7C8-4F69-A5DE-CF8FAF6B1650}"
EndProject
Project("{F184B08F-C81C-45F6-A57F-5ABD9991F28F}") = "CameraEnumerationWPF", "CameraEnumerationWPF\CameraEnumerationWPF.vbproj", "{8D20A294-5ACD-419C-999B-8299333FC77B}"
EndProject
Project("{FAE04EC0-301F-11D3-BF4B-00C04F79EFBC}") = "FaceLandmarksWPF", "FaceLandmarksWPF\FaceLandmarksWPF.csproj", "{B90D6FA4-4AEB-4F43-9499-C869C0701DB4}"
EndProject
Project("{FAE04EC0-301F-11D3-BF4B-00C04F79EFBC}") = "FacePoseWPF", "FacePoseWPF\FacePoseWPF.csproj", "{8DE6D1A0-EB67-4834-A6D8-C3150FC84AB7}"
EndProject
Project("{2150E333-8FDC-42A3-9474-1A3956D46DE8}") = "Face", "Face", "{16365402-FD47-47E3-B8B0-2C310DE4DE19}"
EndProject
Project("{2150E333-8FDC-42A3-9474-1A3956D46DE8}") = "Hand", "Hand", "{C7D12F8A-DAC4-4F80-BC7B-CE63D8AD9B3C}"
EndProject
Project("{2150E333-8FDC-42A3-9474-1A3956D46DE8}") = "Other", "Other", "{20243240-CA00-4724-B650-CAB47981220A}"
EndProject
Project("{FAE04EC0-301F-11D3-BF4B-00C04F79EFBC}") = "WPFCore", "WPFCore\WPFCore.csproj", "{D31AF1AF-B85A-4BEB-8032-B68DEEFFE324}"
EndProject
Project("{FAE04EC0-301F-11D3-BF4B-00C04F79EFBC}") = "FaceAlertsWPF", "FaceAlertsWPF\FaceAlertsWPF.csproj", "{4CDC446B-093E-434D-B88A-B40C1AE36026}"
EndProject
Project("{FAE04EC0-301F-11D3-BF4B-00C04F79EFBC}") = "FaceExpressionWPF", "FaceExpressionWPF\FaceExpressionWPF.csproj", "{B49D3C07-459F-47C8-B793-3EF2A597CA2C}"
EndProject
Global
	GlobalSection(SolutionConfigurationPlatforms) = preSolution
		Debug|x64 = Debug|x64
		Debug|x86 = Debug|x86
		Release|x64 = Release|x64
		Release|x86 = Release|x86
	EndGlobalSection
	GlobalSection(ProjectConfigurationPlatforms) = postSolution
		{B789DBAE-BD43-48FF-9C7B-A2835A2881CE}.Debug|x64.ActiveCfg = Debug|x64
		{B789DBAE-BD43-48FF-9C7B-A2835A2881CE}.Debug|x64.Build.0 = Debug|x64
		{B789DBAE-BD43-48FF-9C7B-A2835A2881CE}.Debug|x86.ActiveCfg = Debug|x86
		{B789DBAE-BD43-48FF-9C7B-A2835A2881CE}.Debug|x86.Build.0 = Debug|x86
		{B789DBAE-BD43-48FF-9C7B-A2835A2881CE}.Release|x64.ActiveCfg = Release|x64
		{B789DBAE-BD43-48FF-9C7B-A2835A2881CE}.Release|x64.Build.0 = Release|x64
		{B789DBAE-BD43-48FF-9C7B-A2835A2881CE}.Release|x86.ActiveCfg = Release|x86
		{B789DBAE-BD43-48FF-9C7B-A2835A2881CE}.Release|x86.Build.0 = Release|x86
		{7F7C5C38-9FDA-4A2A-8247-CCBE93C17EBE}.Debug|x64.ActiveCfg = Debug|x64
		{7F7C5C38-9FDA-4A2A-8247-CCBE93C17EBE}.Debug|x64.Build.0 = Debug|x64
		{7F7C5C38-9FDA-4A2A-8247-CCBE93C17EBE}.Debug|x86.ActiveCfg = Debug|x86
		{7F7C5C38-9FDA-4A2A-8247-CCBE93C17EBE}.Debug|x86.Build.0 = Debug|x86
		{7F7C5C38-9FDA-4A2A-8247-CCBE93C17EBE}.Release|x64.ActiveCfg = Release|x64
		{7F7C5C38-9FDA-4A2A-8247-CCBE93C17EBE}.Release|x64.Build.0 = Release|x64
		{7F7C5C38-9FDA-4A2A-8247-CCBE93C17EBE}.Release|x86.ActiveCfg = Release|x86
		{7F7C5C38-9FDA-4A2A-8247-CCBE93C17EBE}.Release|x86.Build.0 = Release|x86
		{F159CBAE-DF20-4EEF-920B-B73EDF66F25D}.Debug|x64.ActiveCfg = Debug|x64
		{F159CBAE-DF20-4EEF-920B-B73EDF66F25D}.Debug|x64.Build.0 = Debug|x64
		{F159CBAE-DF20-4EEF-920B-B73EDF66F25D}.Debug|x86.ActiveCfg = Debug|x86
		{F159CBAE-DF20-4EEF-920B-B73EDF66F25D}.Debug|x86.Build.0 = Debug|x86
		{F159CBAE-DF20-4EEF-920B-B73EDF66F25D}.Release|x64.ActiveCfg = Release|x64
		{F159CBAE-DF20-4EEF-920B-B73EDF66F25D}.Release|x64.Build.0 = Release|x64
		{F159CBAE-DF20-4EEF-920B-B73EDF66F25D}.Release|x86.ActiveCfg = Release|x86
		{F159CBAE-DF20-4EEF-920B-B73EDF66F25D}.Release|x86.Build.0 = Release|x86
		{1930592D-F7C8-4F69-A5DE-CF8FAF6B1650}.Debug|x64.ActiveCfg = Debug|x64
		{1930592D-F7C8-4F69-A5DE-CF8FAF6B1650}.Debug|x64.Build.0 = Debug|x64
		{1930592D-F7C8-4F69-A5DE-CF8FAF6B1650}.Debug|x86.ActiveCfg = Debug|x86
		{1930592D-F7C8-4F69-A5DE-CF8FAF6B1650}.Debug|x86.Build.0 = Debug|x86
		{1930592D-F7C8-4F69-A5DE-CF8FAF6B1650}.Release|x64.ActiveCfg = Release|x64
		{1930592D-F7C8-4F69-A5DE-CF8FAF6B1650}.Release|x64.Build.0 = Release|x64
		{1930592D-F7C8-4F69-A5DE-CF8FAF6B1650}.Release|x86.ActiveCfg = Release|x86
		{1930592D-F7C8-4F69-A5DE-CF8FAF6B1650}.Release|x86.Build.0 = Release|x86
		{8D20A294-5ACD-419C-999B-8299333FC77B}.Debug|x64.ActiveCfg = Debug|x64
		{8D20A294-5ACD-419C-999B-8299333FC77B}.Debug|x64.Build.0 = Debug|x64
		{8D20A294-5ACD-419C-999B-8299333FC77B}.Debug|x86.ActiveCfg = Debug|x86
		{8D20A294-5ACD-419C-999B-8299333FC77B}.Debug|x86.Build.0 = Debug|x86
		{8D20A294-5ACD-419C-999B-8299333FC77B}.Release|x64.ActiveCfg = Release|x64
		{8D20A294-5ACD-419C-999B-8299333FC77B}.Release|x64.Build.0 = Release|x64
		{8D20A294-5ACD-419C-999B-8299333FC77B}.Release|x86.ActiveCfg = Release|x86
		{8D20A294-5ACD-419C-999B-8299333FC77B}.Release|x86.Build.0 = Release|x86
		{B90D6FA4-4AEB-4F43-9499-C869C0701DB4}.Debug|x64.ActiveCfg = Debug|x64
		{B90D6FA4-4AEB-4F43-9499-C869C0701DB4}.Debug|x64.Build.0 = Debug|x64
		{B90D6FA4-4AEB-4F43-9499-C869C0701DB4}.Debug|x86.ActiveCfg = Debug|x86
		{B90D6FA4-4AEB-4F43-9499-C869C0701DB4}.Debug|x86.Build.0 = Debug|x86
		{B90D6FA4-4AEB-4F43-9499-C869C0701DB4}.Release|x64.ActiveCfg = Release|x64
		{B90D6FA4-4AEB-4F43-9499-C869C0701DB4}.Release|x64.Build.0 = Release|x64
		{B90D6FA4-4AEB-4F43-9499-C869C0701DB4}.Release|x86.ActiveCfg = Release|x86
		{B90D6FA4-4AEB-4F43-9499-C869C0701DB4}.Release|x86.Build.0 = Release|x86
		{8DE6D1A0-EB67-4834-A6D8-C3150FC84AB7}.Debug|x64.ActiveCfg = Debug|x64
		{8DE6D1A0-EB67-4834-A6D8-C3150FC84AB7}.Debug|x64.Build.0 = Debug|x64
		{8DE6D1A0-EB67-4834-A6D8-C3150FC84AB7}.Debug|x86.ActiveCfg = Debug|x86
		{8DE6D1A0-EB67-4834-A6D8-C3150FC84AB7}.Debug|x86.Build.0 = Debug|x86
		{8DE6D1A0-EB67-4834-A6D8-C3150FC84AB7}.Release|x64.ActiveCfg = Release|x64
		{8DE6D1A0-EB67-4834-A6D8-C3150FC84AB7}.Release|x64.Build.0 = Release|x64
		{8DE6D1A0-EB67-4834-A6D8-C3150FC84AB7}.Release|x86.ActiveCfg = Release|x86
		{8DE6D1A0-EB67-4834-A6D8-C3150FC84AB7}.Release|x86.Build.0 = Release|x86
		{D31AF1AF-B85A-4BEB-8032-B68DEEFFE324}.Debug|x64.ActiveCfg = Debug|x64
		{D31AF1AF-B85A-4BEB-8032-B68DEEFFE324}.Debug|x64.Build.0 = Debug|x64
		{D31AF1AF-B85A-4BEB-8032-B68DEEFFE324}.Debug|x86.ActiveCfg = Debug|x86
		{D31AF1AF-B85A-4BEB-8032-B68DEEFFE324}.Debug|x86.Build.0 = Debug|x86
		{D31AF1AF-B85A-4BEB-8032-B68DEEFFE324}.Release|x64.ActiveCfg = Release|x64
		{D31AF1AF-B85A-4BEB-8032-B68DEEFFE324}.Release|x64.Build.0 = Release|x64
		{D31AF1AF-B85A-4BEB-8032-B68DEEFFE324}.Release|x86.ActiveCfg = Release|x86
		{D31AF1AF-B85A-4BEB-8032-B68DEEFFE324}.Release|x86.Build.0 = Release|x86
		{4CDC446B-093E-434D-B88A-B40C1AE36026}.Debug|x64.ActiveCfg = Debug|x64
		{4CDC446B-093E-434D-B88A-B40C1AE36026}.Debug|x64.Build.0 = Debug|x64
		{4CDC446B-093E-434D-B88A-B40C1AE36026}.Debug|x86.ActiveCfg = Debug|x86
		{4CDC446B-093E-434D-B88A-B40C1AE36026}.Debug|x86.Build.0 = Debug|x86
		{4CDC446B-093E-434D-B88A-B40C1AE36026}.Release|x64.ActiveCfg = Release|x64
		{4CDC446B-093E-434D-B88A-B40C1AE36026}.Release|x64.Build.0 = Release|x64
		{4CDC446B-093E-434D-B88A-B40C1AE36026}.Release|x86.ActiveCfg = Release|x86
		{4CDC446B-093E-434D-B88A-B40C1AE36026}.Release|x86.Build.0 = Release|x86
		{B49D3C07-459F-47C8-B793-3EF2A597CA2C}.Debug|x64.ActiveCfg = Debug|x64
		{B49D3C07-459F-47C8-B793-3EF2A597CA2C}.Debug|x64.Build.0 = Debug|x64
		{B49D3C07-459F-47C8-B793-3EF2A597CA2C}.Debug|x86.ActiveCfg = Debug|x86
		{B49D3C07-459F-47C8-B793-3EF2A597CA2C}.Debug|x86.Build.0 = Debug|x86
		{B49D3C07-459F-47C8-B793-3EF2A597CA2C}.Release|x64.ActiveCfg = Release|x64
		{B49D3C07-459F-47C8-B793-3EF2A597CA2C}.Release|x64.Build.0 = Release|x64
		{B49D3C07-459F-47C8-B793-3EF2A597CA2C}.Release|x86.ActiveCfg = Release|x86
		{B49D3C07-459F-47C8-B793-3EF2A597CA2C}.Release|x86.Build.0 = Release|x86
	EndGlobalSection
	GlobalSection(SolutionProperties) = preSolution
		HideSolutionNode = FALSE
	EndGlobalSection
	GlobalSection(NestedProjects) = preSolution
		{B789DBAE-BD43-48FF-9C7B-A2835A2881CE} = {20243240-CA00-4724-B650-CAB47981220A}
		{7F7C5C38-9FDA-4A2A-8247-CCBE93C17EBE} = {20243240-CA00-4724-B650-CAB47981220A}
		{F159CBAE-DF20-4EEF-920B-B73EDF66F25D} = {C7D12F8A-DAC4-4F80-BC7B-CE63D8AD9B3C}
		{1930592D-F7C8-4F69-A5DE-CF8FAF6B1650} = {16365402-FD47-47E3-B8B0-2C310DE4DE19}
		{8D20A294-5ACD-419C-999B-8299333FC77B} = {20243240-CA00-4724-B650-CAB47981220A}
		{B90D6FA4-4AEB-4F43-9499-C869C0701DB4} = {16365402-FD47-47E3-B8B0-2C310DE4DE19}
		{8DE6D1A0-EB67-4834-A6D8-C3150FC84AB7} = {16365402-FD47-47E3-B8B0-2C310DE4DE19}
		{D31AF1AF-B85A-4BEB-8032-B68DEEFFE324} = {20243240-CA00-4724-B650-CAB47981220A}
		{4CDC446B-093E-434D-B88A-B40C1AE36026} = {16365402-FD47-47E3-B8B0-2C310DE4DE19}
		{B49D3C07-459F-47C8-B793-3EF2A597CA2C} = {16365402-FD47-47E3-B8B0-2C310DE4DE19}
	EndGlobalSection
EndGlobal
